
Microsoft Visual Studio Solution File, Format Version 12.00
# Visual Studio Version 16
VisualStudioVersion = 16.0.31321.278
MinimumVisualStudioVersion = 10.0.40219.1
Project("{FAE04EC0-301F-11D3-BF4B-00C04F79EFBC}") = "ConsoleApp3", "ConsoleApp3\ConsoleApp3.csproj", "{1C995AA8-0B43-4B56-B8A2-769C9842E36C}"
EndProject
Global
	GlobalSection(SolutionConfigurationPlatforms) = preSolution
		Debug|Any CPU = Debug|Any CPU
		Release|Any CPU = Release|Any CPU
	EndGlobalSection
	GlobalSection(ProjectConfigurationPlatforms) = postSolution
		{1C995AA8-0B43-4B56-B8A2-769C9842E36C}.Debug|Any CPU.ActiveCfg = Debug|Any CPU
		{1C995AA8-0B43-4B56-B8A2-769C9842E36C}.Debug|Any CPU.Build.0 = Debug|Any CPU
		{1C995AA8-0B43-4B56-B8A2-769C9842E36C}.Release|Any CPU.ActiveCfg = Release|Any CPU
		{1C995AA8-0B43-4B56-B8A2-769C9842E36C}.Release|Any CPU.Build.0 = Release|Any CPU
	EndGlobalSection
	GlobalSection(SolutionProperties) = preSolution
		HideSolutionNode = FALSE
	EndGlobalSection
	GlobalSection(ExtensibilityGlobals) = postSolution
		SolutionGuid = {2487CD69-153D-471B-96C6-ABD45AD9EDD0}
	EndGlobalSection
EndGlobal
